{
  "version": "2",
  "remote": {
    "https://deno.land/std@0.158.0/encoding/base64.ts": "c57868ca7fa2fbe919f57f88a623ad34e3d970d675bdc1ff3a9d02bba7409db2",
    "https://deno.land/std@0.158.0/fmt/colors.ts": "ff7dc9c9f33a72bd48bc24b21bbc1b4545d8494a431f17894dbc5fe92a938fc4",
    "https://deno.land/std@0.160.0/hash/sha256.ts": "aa9479c260f41b72c639f36c3e4bc9319940b5d2e52fe793ebe3dc646d12832f",
    "https://deno.land/std@0.173.0/_util/asserts.ts": "178dfc49a464aee693a7e285567b3d0b555dc805ff490505a8aae34f9cfb1462",
    "https://deno.land/std@0.173.0/_util/os.ts": "d932f56d41e4f6a6093d56044e29ce637f8dcc43c5a90af43504a889cf1775e3",
    "https://deno.land/std@0.173.0/bytes/bytes_list.ts": "b4cbdfd2c263a13e8a904b12d082f6177ea97d9297274a4be134e989450dfa6a",
    "https://deno.land/std@0.173.0/bytes/concat.ts": "d26d6f3d7922e6d663dacfcd357563b7bf4a380ce5b9c2bbe0c8586662f25ce2",
    "https://deno.land/std@0.173.0/bytes/copy.ts": "939d89e302a9761dcf1d9c937c7711174ed74c59eef40a1e4569a05c9de88219",
    "https://deno.land/std@0.173.0/crypto/_fnv/fnv32.ts": "e4649dfdefc5c987ed53c3c25db62db771a06d9d1b9c36d2b5cf0853b8e82153",
    "https://deno.land/std@0.173.0/crypto/_fnv/fnv64.ts": "bfa0e4702061fdb490a14e6bf5f9168a22fb022b307c5723499469bfefca555e",
    "https://deno.land/std@0.173.0/crypto/_fnv/index.ts": "169c213eb75de2d6738c1ed66a8e5782bd222b70b187cc4e7fb7b73edfcf0927",
    "https://deno.land/std@0.173.0/crypto/_fnv/util.ts": "accba12bfd80a352e32a872f87df2a195e75561f1b1304a4cb4f5a4648d288f9",
    "https://deno.land/std@0.173.0/crypto/_wasm/lib/deno_std_wasm_crypto.generated.mjs": "5dedb7f9aa05f0e18ed017691c58df5f4686e4cbbd70368c6f896e5cca03f2b4",
    "https://deno.land/std@0.173.0/crypto/_wasm/mod.ts": "e2df88236fc061eac7a89e8cb0b97843f5280b08b2a990e473b7397a3e566003",
    "https://deno.land/std@0.173.0/crypto/crypto.ts": "d5ce53784ab7b1348095389426a7ea98536223fb143812ecb50724a0aa1ec657",
    "https://deno.land/std@0.173.0/crypto/keystack.ts": "877ab0f19eb7d37ad6495190d3c3e39f58e9c52e0b6a966f82fd6df67ca55f90",
    "https://deno.land/std@0.173.0/crypto/mod.ts": "885738e710868202d7328305b0c0c134e36a2d9c98ceab9513ea2442863c00eb",
    "https://deno.land/std@0.173.0/crypto/timing_safe_equal.ts": "8d69ab611c67fe51b6127d97fcfb4d8e7d0e1b6b4f3e0cc4ab86744c3691f965",
    "https://deno.land/std@0.173.0/crypto/to_hash_string.ts": "fe4e95239d7afb617f469bc2f76ff20f888ddb8d1385e0d92276f6e4d5a809d1",
    "https://deno.land/std@0.173.0/encoding/_yaml/dumper/dumper.ts": "49053c293a2250b33f2efc0ce3973280c6dc3bc0b41397af3863b5f03340e01b",
    "https://deno.land/std@0.173.0/encoding/_yaml/dumper/dumper_state.ts": "975a3702752a29251c5746206507dfebbfede60dd2c0dec161dc22633fbc6085",
    "https://deno.land/std@0.173.0/encoding/_yaml/error.ts": "e60ab51d7c0253cf0d1cf7d445202e8e3da5c77aae0032071ba7400121c281b4",
    "https://deno.land/std@0.173.0/encoding/_yaml/loader/loader.ts": "6c59f60faaf78d73db0e016293f4bfed19e6356d7064230d07d6b68a65a1df5d",
    "https://deno.land/std@0.173.0/encoding/_yaml/loader/loader_state.ts": "fcc82fcdf167acb0e9e5e32b32682e58b45f2d44210bf685794797ccb5621232",
    "https://deno.land/std@0.173.0/encoding/_yaml/mark.ts": "0027d6f62a70a6c64b85bd1751ddf1646ea97edcefbf5bea1706d5e519f4e34f",
    "https://deno.land/std@0.173.0/encoding/_yaml/parse.ts": "63e79582e07145ca1d3205d1ac72b82bf5ce14159dabae195abe7e36de8111bd",
    "https://deno.land/std@0.173.0/encoding/_yaml/schema.ts": "0833c75c59bf72c8a8f96f6c0615bcd98d23fdd9b076657f42b5c1a4f9d972b0",
    "https://deno.land/std@0.173.0/encoding/_yaml/schema/core.ts": "366f56673336ba24f5723c04319efcc7471be5f55d5f8d95c9b4a38ec233d4c6",
    "https://deno.land/std@0.173.0/encoding/_yaml/schema/default.ts": "96e9ed6ead36f53a0832c542fc9b8cca7f8b4a67c1c8424e1423a39ee7154db7",
    "https://deno.land/std@0.173.0/encoding/_yaml/schema/extended.ts": "f9bd75c79ebdfb92a8e167488b6bde7113a31b8fabe20ad7eed0904fba11bcd2",
    "https://deno.land/std@0.173.0/encoding/_yaml/schema/failsafe.ts": "cddcbf0258bbe0cd77ca10e2f5aec13439f50d4068f96aab08ca2d64496dabe8",
    "https://deno.land/std@0.173.0/encoding/_yaml/schema/json.ts": "c86905dfb1b6c4633750bfbb5bd529a30be5c08287ab7eb6694390b40e276487",
    "https://deno.land/std@0.173.0/encoding/_yaml/schema/mod.ts": "051f93dd97a15aaad2da62bd24627e8fd2f02fb026d21567d924b720d606f078",
    "https://deno.land/std@0.173.0/encoding/_yaml/state.ts": "ef03d55ec235d48dcfbecc0ab3ade90bfae69a61094846e08003421c2cf5cfc6",
    "https://deno.land/std@0.173.0/encoding/_yaml/stringify.ts": "426b73e4dbaeed26ed855add3862786d7e374bd4c59e5e1bd9a6fcd5082be3c7",
    "https://deno.land/std@0.173.0/encoding/_yaml/type.ts": "5ded5472a0f17a219ac3b0e90d96dc8472a68654a40258a31e03a6c6297b6788",
    "https://deno.land/std@0.173.0/encoding/_yaml/type/binary.ts": "935d39794420ac3718d26716192239de6a53566c6f2ba5010e8ed26936b94a89",
    "https://deno.land/std@0.173.0/encoding/_yaml/type/bool.ts": "1c99cfbaa94b022575b636a73e1549569b26fc6bbff2cd5e539aa77b49bdf303",
    "https://deno.land/std@0.173.0/encoding/_yaml/type/float.ts": "f60ad19b27050add694bfc255b7efef27103f047861aa657823ff3f6853bad11",
    "https://deno.land/std@0.173.0/encoding/_yaml/type/function.ts": "65a37f6bef43ef141854ee48a1058d9c9c4c80ed6eed6cd35608329a6957e27a",
    "https://deno.land/std@0.173.0/encoding/_yaml/type/int.ts": "892f59bb7b2dbd64dd9b643c17441af95c0b962ad027e454cb84a68864787b86",
    "https://deno.land/std@0.173.0/encoding/_yaml/type/map.ts": "92e647a6aec0dc184ea4b039a77a15883b54da754311189c595b43f6aaa50030",
    "https://deno.land/std@0.173.0/encoding/_yaml/type/merge.ts": "8192bf3e4d637f32567917f48bb276043da9cf729cf594e5ec191f7cd229337e",
    "https://deno.land/std@0.173.0/encoding/_yaml/type/mod.ts": "060e2b3d38725094b77ea3a3f05fc7e671fced8e67ca18e525be98c4aa8f4bbb",
    "https://deno.land/std@0.173.0/encoding/_yaml/type/nil.ts": "606e8f0c44d73117c81abec822f89ef81e40f712258c74f186baa1af659b8887",
    "https://deno.land/std@0.173.0/encoding/_yaml/type/omap.ts": "fbd5da9970c211335ff7c8fa11e9c5e9256e568d52418ac237d1538c5cb0d5e6",
    "https://deno.land/std@0.173.0/encoding/_yaml/type/pairs.ts": "ea487a44c0ae64d8d952779fa1cb5fa0a12f32a0b5d3d1e8c1f06f446448427c",
    "https://deno.land/std@0.173.0/encoding/_yaml/type/regexp.ts": "672000d22a1062d61577d30b218c28f5cb1d039a7a60079fdde6a4e558d5ca51",
    "https://deno.land/std@0.173.0/encoding/_yaml/type/seq.ts": "39b28f7c7aa41263c5c42cab9d184f03555e9ba19493766afc0c0c325a9ac49f",
    "https://deno.land/std@0.173.0/encoding/_yaml/type/set.ts": "0e30a9f750306b514c8ae9869d1ac2548d57beab55b33e85ea9673ca0a08264c",
    "https://deno.land/std@0.173.0/encoding/_yaml/type/str.ts": "a67a3c6e429d95041399e964015511779b1130ea5889fa257c48457bd3446e31",
    "https://deno.land/std@0.173.0/encoding/_yaml/type/timestamp.ts": "706ea80a76a73e48efaeb400ace087da1f927647b53ad6f754f4e06d51af087f",
    "https://deno.land/std@0.173.0/encoding/_yaml/type/undefined.ts": "94a316ca450597ccbc6750cbd79097ad0d5f3a019797eed3c841a040c29540ba",
    "https://deno.land/std@0.173.0/encoding/_yaml/utils.ts": "26b311f0d42a7ce025060bd6320a68b50e52fd24a839581eb31734cd48e20393",
    "https://deno.land/std@0.173.0/encoding/base64.ts": "7de04c2f8aeeb41453b09b186480be90f2ff357613b988e99fabb91d2eeceba1",
    "https://deno.land/std@0.173.0/encoding/base64url.ts": "3f1178f6446834457b16bfde8b559c1cd3481727fe384d3385e4a9995dc2d851",
    "https://deno.land/std@0.173.0/encoding/hex.ts": "50f8c95b52eae24395d3dfcb5ec1ced37c5fe7610ef6fffdcc8b0fdc38e3b32f",
    "https://deno.land/std@0.173.0/encoding/yaml.ts": "02571d1bbbcfd7c5647789cee872ecf9c1c470e1b1a40948ed219fb661e19d87",
    "https://deno.land/std@0.173.0/fs/_util.ts": "65381f341af1ff7f40198cee15c20f59951ac26e51ddc651c5293e24f9ce6f32",
    "https://deno.land/std@0.173.0/fs/copy.ts": "14214efd94fc3aa6db1e4af2b4b9578e50f7362b7f3725d5a14ad259a5df26c8",
    "https://deno.land/std@0.173.0/fs/empty_dir.ts": "c3d2da4c7352fab1cf144a1ecfef58090769e8af633678e0f3fabaef98594688",
    "https://deno.land/std@0.173.0/fs/ensure_dir.ts": "724209875497a6b4628dfb256116e5651c4f7816741368d6c44aab2531a1e603",
    "https://deno.land/std@0.173.0/fs/ensure_file.ts": "c38602670bfaf259d86ca824a94e6cb9e5eb73757fefa4ebf43a90dd017d53d9",
    "https://deno.land/std@0.173.0/fs/ensure_link.ts": "c0f5b2f0ec094ed52b9128eccb1ee23362a617457aa0f699b145d4883f5b2fb4",
    "https://deno.land/std@0.173.0/fs/ensure_symlink.ts": "2955cc8332aeca9bdfefd05d8d3976b94e282b0f353392a71684808ed2ffdd41",
    "https://deno.land/std@0.173.0/fs/eol.ts": "f1f2eb348a750c34500741987b21d65607f352cf7205f48f4319d417fff42842",
    "https://deno.land/std@0.173.0/fs/exists.ts": "b8c8a457b71e9d7f29b9d2f87aad8dba2739cbe637e8926d6ba6e92567875f8e",
    "https://deno.land/std@0.173.0/fs/expand_glob.ts": "45d17e89796a24bd6002e4354eda67b4301bb8ba67d2cac8453cdabccf1d9ab0",
    "https://deno.land/std@0.173.0/fs/mod.ts": "bc3d0acd488cc7b42627044caf47d72019846d459279544e1934418955ba4898",
    "https://deno.land/std@0.173.0/fs/move.ts": "4cb47f880e3f0582c55e71c9f8b1e5e8cfaacb5e84f7390781dd563b7298ec19",
    "https://deno.land/std@0.173.0/fs/walk.ts": "ea95ffa6500c1eda6b365be488c056edc7c883a1db41ef46ec3bf057b1c0fe32",
    "https://deno.land/std@0.173.0/io/buf_reader.ts": "90a7adcb3638d8e1361695cdf844d58bcd97c41711dc6f9f8acc0626ebe097f5",
    "https://deno.land/std@0.173.0/io/buf_writer.ts": "759c69d304b04d2909976f2a03a24a107276fbd81ed13593c5c2d43d104b52f3",
    "https://deno.land/std@0.173.0/io/buffer.ts": "24abd4a65403ca3fdffcb6d3f985b0285adfd785f1311ce681708a21126776ad",
    "https://deno.land/std@0.173.0/io/read_delim.ts": "7e102c66f00a118fa1e1ccd4abb080496f43766686907fd8b9522fdf85443586",
    "https://deno.land/std@0.173.0/io/read_lines.ts": "baee9e35034f2fdfccf63bc24b7e3cb45aa1c1c5de26d178f7bcbc572e87772f",
    "https://deno.land/std@0.173.0/io/read_string_delim.ts": "46eb0c9db3547caf8c759631effa200bbe48924f9b34f41edc627bde36cee52d",
    "https://deno.land/std@0.173.0/path/_constants.ts": "e49961f6f4f48039c0dfed3c3f93e963ca3d92791c9d478ac5b43183413136e0",
    "https://deno.land/std@0.173.0/path/_interface.ts": "6471159dfbbc357e03882c2266d21ef9afdb1e4aa771b0545e90db58a0ba314b",
    "https://deno.land/std@0.173.0/path/_util.ts": "86c2375a996c1931b2f2ac71fefd5ddf0cf0e579fa4ab12d3e4c552d4223b8d8",
    "https://deno.land/std@0.173.0/path/common.ts": "ee7505ab01fd22de3963b64e46cff31f40de34f9f8de1fff6a1bd2fe79380000",
    "https://deno.land/std@0.173.0/path/glob.ts": "d479e0a695621c94d3fd7fe7abd4f9499caf32a8de13f25073451c6ef420a4e1",
    "https://deno.land/std@0.173.0/path/mod.ts": "4b83694ac500d7d31b0cdafc927080a53dc0c3027eb2895790fb155082b0d232",
    "https://deno.land/std@0.173.0/path/posix.ts": "0874b341c2c6968ca38d323338b8b295ea1dae10fa872a768d812e2e7d634789",
    "https://deno.land/std@0.173.0/path/separator.ts": "0fb679739d0d1d7bf45b68dacfb4ec7563597a902edbaf3c59b50d5bcadd93b1",
    "https://deno.land/std@0.173.0/path/win32.ts": "672942919dd66ce1b8c224e77d3447e2ad8254eaff13fe6946420a9f78fa141e",
    "https://deno.land/std@0.173.0/streams/_common.ts": "f45cba84f0d813de3326466095539602364a9ba521f804cc758f7a475cda692d",
    "https://deno.land/std@0.173.0/streams/copy.ts": "de0de21701d8cceba84ca01d9731c77f4b3597bb9de6a1b08f32250353feeae8",
    "https://deno.land/std@0.173.0/streams/reader_from_stream_reader.ts": "3fda9390ec8520c8a9ea2aba2579208b18880a7663d7a9feec8f193b7af14e41",
    "https://deno.land/std@0.173.0/streams/write_all.ts": "3b2e1ce44913f966348ce353d02fa5369e94115181037cd8b602510853ec3033",
    "https://deno.land/std@0.173.0/types.d.ts": "220ed56662a0bd393ba5d124aa6ae2ad36a00d2fcbc0e8666a65f4606aaa9784",
    "https://deno.land/x/cliffy@v0.25.2/ansi/ansi.ts": "7f43d07d31dd7c24b721bb434c39cbb5132029fa4be3dd8938873065f65e5810",
    "https://deno.land/x/cliffy@v0.25.2/ansi/ansi_escapes.ts": "885f61f343223f27b8ec69cc138a54bea30542924eacd0f290cd84edcf691387",
    "https://deno.land/x/cliffy@v0.25.2/ansi/chain.ts": "31fb9fcbf72fed9f3eb9b9487270d2042ccd46a612d07dd5271b1a80ae2140a0",
    "https://deno.land/x/cliffy@v0.25.2/ansi/colors.ts": "8a28d771579a43717a7a10a45817709997318e38b613cb4c74d6ab257ee16569",
    "https://deno.land/x/cliffy@v0.25.2/ansi/cursor_position.ts": "d537491e31d9c254b208277448eff92ff7f55978c4928dea363df92c0df0813f",
    "https://deno.land/x/cliffy@v0.25.2/ansi/deps.ts": "7f2afc0bce013c194d3e16234bee665312d5dc664450d91dc950a4bb8c1a07c8",
    "https://deno.land/x/cliffy@v0.25.2/ansi/mod.ts": "bb4e6588e6704949766205709463c8c33b30fec66c0b1846bc84a3db04a4e075",
    "https://deno.land/x/cliffy@v0.25.2/ansi/tty.ts": "8fb064c17ead6cdf00c2d3bc87a9fd17b1167f2daa575c42b516f38bdb604673",
    "https://deno.land/x/is_what@v4.1.7/src/index.ts": "27b2602cda3df5a02959c55da056da453ee93d3679a80c7e5691382d1de5552d",
    "https://deno.land/x/outdent@v0.8.0/mod.ts": "72630e680dcc36d5ae556fbff6900b12706c81a6fd592345fc98bcc0878fb3ca",
    "https://deno.land/x/outdent@v0.8.0/src/index.ts": "6dc3df4108d5d6fedcdb974844d321037ca81eaaa16be6073235ff3268841a22",
    "https://deno.land/x/rimbu@0.12.3/base/arr.ts": "0f6fbc3ad30be945a1b1d64bac1e2c1b2e6cf1ff7140f99094346f482c0dc6db",
    "https://deno.land/x/rimbu@0.12.3/base/entry.ts": "da9db74aad7812549e5056fe945315490085640ec31aa227429caee893af3115",
    "https://deno.land/x/rimbu@0.12.3/base/index.ts": "42bdd404236289946ba66fbe74901c825a3065286f38f5dad710ec8f8535ab92",
    "https://deno.land/x/rimbu@0.12.3/base/internal.ts": "0d422ef86ea9a35e7b96c2f69d3fc2f6b7e02ca2ddc14438222723bc2941dacd",
    "https://deno.land/x/rimbu@0.12.3/base/mod.ts": "882e3724ca160624f934070ead4633e971f81a90dcedc03a428f20769e96307b",
    "https://deno.land/x/rimbu@0.12.3/base/plain-object.ts": "d939d13b21f04b2c62622bc3c4d419ebeadb53b83fe73597e4d27d6931577dba",
    "https://deno.land/x/rimbu@0.12.3/base/rimbu-error.ts": "bf45e2bd438745b53a11e9841d3047265fa1aba4ab1cc5d379c593db9a9c7f51",
    "https://deno.land/x/rimbu@0.12.3/base/token.ts": "84b0b771d85655ce508fcc3c42276bc00553cffa576ac8c3dc30715b366e6ca5",
    "https://deno.land/x/rimbu@0.12.3/collection-types/common/base.ts": "ea96c75a10707688b0db47f73f9cebc95ea6deee0aeb42ff0cc3f5c8e8626057",
    "https://deno.land/x/rimbu@0.12.3/collection-types/common/index.ts": "bf8c43d40d049ae280fb78b085fce7362f872c536a75ff11943f6911d8b0edb4",
    "https://deno.land/x/rimbu@0.12.3/collection-types/common/types.ts": "b9fd1f7b022651d91272e85f2325e23cdd2a7aca7b1670931a8263e40382d63b",
    "https://deno.land/x/rimbu@0.12.3/collection-types/main/index.ts": "ff176780239ac5697d2434996cbf621967c1d4473cd8532c11bb9c540b6a19aa",
    "https://deno.land/x/rimbu@0.12.3/collection-types/map-custom/index.ts": "bdcdc6c0eae002c285a9e18dc882bef0af682905b1eedd2336ba8660e0fe7b8b",
    "https://deno.land/x/rimbu@0.12.3/collection-types/map-custom/interface/index.ts": "9c6a7a3a29fb812d5689882a7fdd5e6c8e0841c5cebc670b6a1c79fa700790e8",
    "https://deno.land/x/rimbu@0.12.3/collection-types/map/index.ts": "4e3ecef3b6c5de5841194fe4f0b1c1e9a89aad899b40fe6a8100b71034171b6e",
    "https://deno.land/x/rimbu@0.12.3/collection-types/map/interface/generic.ts": "644559f65e86e3e3593c04e1c3996c8c2895c55c6920553e4c023407ced3f31f",
    "https://deno.land/x/rimbu@0.12.3/collection-types/map/interface/variant.ts": "10738c2d6c467b0813582d8566cfcb9fd82fd9bb4184a5d7cf4495fc2ec7f2d3",
    "https://deno.land/x/rimbu@0.12.3/collection-types/mod.ts": "cb617a8c2ad18f0ac70d19b7fc95334e602025f7457b42b5f36aca7479687aba",
    "https://deno.land/x/rimbu@0.12.3/collection-types/set-custom/index.ts": "a7b1aadd0b04ee5fd3c2f3207e0ef015fdba0124851af39d27039b25ff88f809",
    "https://deno.land/x/rimbu@0.12.3/collection-types/set-custom/interface/base.ts": "c71d6ab76f40fba5208ce6f15eb583dfcabb144022819b54f03a79eee67975aa",
    "https://deno.land/x/rimbu@0.12.3/collection-types/set/index.ts": "85d47ae3cb6fc503913c24b3161f6486768363a3a3b5708450720bce57669161",
    "https://deno.land/x/rimbu@0.12.3/collection-types/set/interface/generic.ts": "f071a47c24158b4af4aa46b997d3d0948ab1abb9c749f3b892ff522e203c17a0",
    "https://deno.land/x/rimbu@0.12.3/collection-types/set/interface/variant.ts": "65d40f979d3023ef24e61140d407bf179f4c7b7e1709c77caa3c07b56bcea297",
    "https://deno.land/x/rimbu@0.12.3/common/async-optlazy.ts": "25cbadf57741e340372e068e2b3dbd5bff3a3e4bfd195f3ecf6ea49253acf640",
    "https://deno.land/x/rimbu@0.12.3/common/async-reducer.ts": "c5ae806feca43f444f023d281fcd06f9fd1e4b4224bc4779244a9dbee49c4b19",
    "https://deno.land/x/rimbu@0.12.3/common/collect.ts": "15258b19d4f6987cfb16a69b3dcd8fabc7f36ea9192fc0076ff0a157f84ec75a",
    "https://deno.land/x/rimbu@0.12.3/common/comp.ts": "23c976c77dada2efe8a519b950d796860d4444db0d5413835792033ff53daf7d",
    "https://deno.land/x/rimbu@0.12.3/common/eq.ts": "30167fc1608623d1d11d1cb6db8818aa4c289cfae6a6e794825cc3961538e8e1",
    "https://deno.land/x/rimbu@0.12.3/common/err.ts": "ba8075e82fa588b9f399012a733cd5cbd80462f8e6691a3250a3ed5ca84db43c",
    "https://deno.land/x/rimbu@0.12.3/common/index-range.ts": "25ee4085bddc054fcc8a3b1e0f3b7fa68321cbc3362946045ebbe1a85b177e12",
    "https://deno.land/x/rimbu@0.12.3/common/index.ts": "9ccba32bf2f6615e276010ca5d916195cb291eb0bbd96f23cf93b7f2bd5c4d94",
    "https://deno.land/x/rimbu@0.12.3/common/internal.ts": "f61122583c9f94b14c417528dafe4e995d620d0aa6473f47b48eb345c5fd4d14",
    "https://deno.land/x/rimbu@0.12.3/common/mod.ts": "882e3724ca160624f934070ead4633e971f81a90dcedc03a428f20769e96307b",
    "https://deno.land/x/rimbu@0.12.3/common/optlazy.ts": "3262f6eedc800583633d63050930cf0916e28d651b98cfff9001d82127f6368d",
    "https://deno.land/x/rimbu@0.12.3/common/range.ts": "07c12345118790f4529d44076e0522c8a2f901f488ecddc1418d98854034c741",
    "https://deno.land/x/rimbu@0.12.3/common/reducer.ts": "c7d0e6b30259b11cac74f1838e48cc2ec94e326fde09cd6cc7ad5dc97c883101",
    "https://deno.land/x/rimbu@0.12.3/common/traverse-state.ts": "8ba095493358a0685dc8f7897afb9cbeefc3b5b785012560ed27d164b67f6d63",
    "https://deno.land/x/rimbu@0.12.3/common/types.ts": "cce34c2c1d529f708debef3ebcd6b1d2846a44290db2d9cfd40a67d5263216c4",
    "https://deno.land/x/rimbu@0.12.3/common/update.ts": "5eee159b3e35cac40ef72bbd0cb079535a301aedb6aa3577012b3e68271452e7",
    "https://deno.land/x/rimbu@0.12.3/hashed/base/hashed-custom.ts": "d276d79cbd5b09a001ab7d1cd842c0d8e2ed092d3641bd79509705b9b8346456",
    "https://deno.land/x/rimbu@0.12.3/hashed/base/index.ts": "86a19f68f821fa73213c614eef2ca38ab8c8e0b1238e7a9214cf1bf28d8d4c55",
    "https://deno.land/x/rimbu@0.12.3/hashed/common/hasher.ts": "9b1e518785991f5db5facbeed5617026c336a68aeee64e35712112480d22ef48",
    "https://deno.land/x/rimbu@0.12.3/hashed/common/index.ts": "d3d828d0fc9901b96d08a15924f71a68b559a69aad1625431a498c66ff336937",
    "https://deno.land/x/rimbu@0.12.3/hashed/main/index.ts": "89abe16133a72f348b2de327e61430b1badef6e080e5a717c28d610d6f903fe8",
    "https://deno.land/x/rimbu@0.12.3/hashed/map-custom/implementation/builder.ts": "549ffe4e7275fd2318bb8f7bbbf22f8e30439a99563e1b9d9ff2215c82204223",
    "https://deno.land/x/rimbu@0.12.3/hashed/map-custom/implementation/context.ts": "e165530117a81e07e0b3b8a9ee5463783e40ce21aa3ac0688d1d46de265271b1",
    "https://deno.land/x/rimbu@0.12.3/hashed/map-custom/implementation/immutable.ts": "69654525ad2255e729a3ff346bf39be437d12dfd3ada38cc01a75e88be07034c",
    "https://deno.land/x/rimbu@0.12.3/hashed/map-custom/index.ts": "f020dcf538aaee128e5a73cb89aa3948fafdb56165c94854328e5924f963585f",
    "https://deno.land/x/rimbu@0.12.3/hashed/map-custom/interface.ts": "b4e53edb1b9b811c87293cd5a5ae285c9fafe2df4762301e598a97faae7b41f9",
    "https://deno.land/x/rimbu@0.12.3/hashed/map/index.ts": "672315c11020c8a5860b3b240cccb9ab6413fd09d4aeae48dac6971785c21387",
    "https://deno.land/x/rimbu@0.12.3/hashed/map/interface/index.ts": "dc0bd9f0f1499ee1b225b366bbd430b991d206cdcac3dfd39906b068f3d10a91",
    "https://deno.land/x/rimbu@0.12.3/hashed/mod.ts": "cb617a8c2ad18f0ac70d19b7fc95334e602025f7457b42b5f36aca7479687aba",
    "https://deno.land/x/rimbu@0.12.3/hashed/set-custom/implementation/builder.ts": "acbddaec3a405d99f19f221c2bc60ada834184bb1d99fede995deb5ebbfc31c5",
    "https://deno.land/x/rimbu@0.12.3/hashed/set-custom/implementation/context.ts": "e89b452b1775e56b2c6f66097a147e444405dd3da8430d1e11bbe91e0618f774",
    "https://deno.land/x/rimbu@0.12.3/hashed/set-custom/implementation/immutable.ts": "d881f7bf9045ed01ebcce704471ba73d8bd5ea84ed5a2411e1e045b87bd7c0a8",
    "https://deno.land/x/rimbu@0.12.3/hashed/set-custom/index.ts": "f020dcf538aaee128e5a73cb89aa3948fafdb56165c94854328e5924f963585f",
    "https://deno.land/x/rimbu@0.12.3/hashed/set-custom/interface.ts": "cb132b23d3be2c18e73799240882172d4b4e8d558d0a2d39d987d62a0505cb6d",
    "https://deno.land/x/rimbu@0.12.3/hashed/set/index.ts": "ce6821c73af124660813ad4695cc372366e842ac1752207735b55407288ffb16",
    "https://deno.land/x/rimbu@0.12.3/hashed/set/interface/index.ts": "69ec7b3a0216510db6db87835abdb20ebe0ee9d785913df9f301690f350468e5",
    "https://deno.land/x/rimbu@0.12.3/list/custom/builder/block-builder.ts": "17d90df34ca815fbeb092efe3d1b1ecfccb3c8fd896e381fcc46e8f94f20222d",
    "https://deno.land/x/rimbu@0.12.3/list/custom/builder/builder-base.ts": "71c39a62564a7710c2642c7cf805042c6a5b9ff1602926da92c7c87be8994a48",
    "https://deno.land/x/rimbu@0.12.3/list/custom/builder/gen-builder.ts": "4746a7b78550853f34dafcf4743b3c4c522785267184c08612f6e69dda9f27d9",
    "https://deno.land/x/rimbu@0.12.3/list/custom/builder/leaf/block-builder.ts": "12a4d4098a9db0fc07bc85ad3133fd58813a84d7e5acd13201df729865e5f6fc",
    "https://deno.land/x/rimbu@0.12.3/list/custom/builder/leaf/leaf-builder.ts": "9e72e3919a6d235e54855001bea2a8fb50b21b6510e8a4c5dd9913ba4c5670f4",
    "https://deno.land/x/rimbu@0.12.3/list/custom/builder/leaf/tree-builder.ts": "ddb97e697ae87021971b75af43fb027a88aa21b17605114010454b63151ce341",
    "https://deno.land/x/rimbu@0.12.3/list/custom/builder/nonleaf/block-builder.ts": "fdf736900125dee6b420b74ef70eabe614edc0d7c888c759c424c700587d0563",
    "https://deno.land/x/rimbu@0.12.3/list/custom/builder/nonleaf/nonleaf-builder.ts": "21e4c429349ffdc243ac1543ad5d64af215eae169e8cf81b066468068228b16a",
    "https://deno.land/x/rimbu@0.12.3/list/custom/builder/nonleaf/tree-builder.ts": "33e3cf54bc1f15780c03fad6914f46c8b66011e5d9ce8ff7fc39f9d8a794f1e4",
    "https://deno.land/x/rimbu@0.12.3/list/custom/builder/tree/tree-builder.ts": "90d9d165b84b2eb11a64145a7432067e319adeb826ca7c7b16cf95576d24ccb9",
    "https://deno.land/x/rimbu@0.12.3/list/custom/context.ts": "e043a188bf4e019189885ef233d0ec43f9fdedc3f667e1eace10d67d16637145",
    "https://deno.land/x/rimbu@0.12.3/list/custom/implementation/block.ts": "00bafca893ede6324dc1aa75a1b67ee25a8b258f7179bf094a39d0afe5910b44",
    "https://deno.land/x/rimbu@0.12.3/list/custom/implementation/cache-map.ts": "1eab76613f7e1ef6871203483f7798f70341c79ca0325b89b72b118045f3590c",
    "https://deno.land/x/rimbu@0.12.3/list/custom/implementation/empty.ts": "342ad6a9ced1a6ea04a13508e0f8deba16eb2a1de1cd34a6fd3129f58d6bc463",
    "https://deno.land/x/rimbu@0.12.3/list/custom/implementation/leaf/leaf-block.ts": "9dd9da25bbdd7ea182d81c461985095c7f31e8794490dc1c95329eb9d1a84cae",
    "https://deno.land/x/rimbu@0.12.3/list/custom/implementation/leaf/leaf-tree.ts": "e8559ef00eb62a58e706061a832b35066d5f1811909e48367357c0a29876d82a",
    "https://deno.land/x/rimbu@0.12.3/list/custom/implementation/leaf/non-empty.ts": "e0bdce39587c59c6cd96c6c862771348ff85be87334c81a9233569116a2a420d",
    "https://deno.land/x/rimbu@0.12.3/list/custom/implementation/nonleaf/interface.ts": "058342b05be3c2fcfc61679a043abdf68c4f44f001061c8987c95dc7826deeb2",
    "https://deno.land/x/rimbu@0.12.3/list/custom/implementation/nonleaf/nonleaf-block.ts": "ba5893c5b17b27ddde08142b2a8792c9983f73351497cf426f01218770e31684",
    "https://deno.land/x/rimbu@0.12.3/list/custom/implementation/nonleaf/nonleaf-tree.ts": "8a6dc1e0dc3b40a47b0d952eb0b33916ed721208d3c3433ff5fbed418e33338a",
    "https://deno.land/x/rimbu@0.12.3/list/custom/implementation/tree/interface.ts": "ac8f921bacd9644ae1556c6eda1c309724a6d68262416827d83f47bce8a6083c",
    "https://deno.land/x/rimbu@0.12.3/list/custom/implementation/tree/operations.ts": "685b44aedee41e188a86b947c2badc5a68d89dec94457bf5b47d9a73198e24eb",
    "https://deno.land/x/rimbu@0.12.3/list/custom/index.ts": "144b2b453ac69324acebc4e555d6e2011339e2d5af2a38ed7bb48acf8e0a3af2",
    "https://deno.land/x/rimbu@0.12.3/list/custom/interface.ts": "34a61a4535690b140e67cf1ce37ae259e0e9e32d4d6f1696b282d3eb392031c7",
    "https://deno.land/x/rimbu@0.12.3/list/main/index.ts": "15451f4b1f7a91c3565f311d2356fbe0bdc98e8851d44da3dd8cffb78ba07ec5",
    "https://deno.land/x/rimbu@0.12.3/list/main/interface.ts": "65d1d15fb7e3ec3d4dbe9c7bfa1eb9abbd5d52e6910b67ae73583862de886796",
    "https://deno.land/x/rimbu@0.12.3/list/mod.ts": "cb617a8c2ad18f0ac70d19b7fc95334e602025f7457b42b5f36aca7479687aba",
    "https://deno.land/x/rimbu@0.12.3/ordered/set-custom/implementation/builder.ts": "670bcddfa88fddfaa708a9edacacebc0175adcbfebb7be809d74346d75f40a17",
    "https://deno.land/x/rimbu@0.12.3/ordered/set-custom/implementation/context.ts": "5957f40ef5ae6f6d93f388e793a375207462842054ed25163aa99af9200925d7",
    "https://deno.land/x/rimbu@0.12.3/ordered/set-custom/implementation/empty.ts": "390fc32956974cfc4f12d1d111f1ca0cc477f3b450320bb8ef34ecd69bac742a",
    "https://deno.land/x/rimbu@0.12.3/ordered/set-custom/implementation/non-empty.ts": "610c98660aa0504bf689a4e567f91f7512e8d43d1e589ce3dfbb8dcb6e2f044a",
    "https://deno.land/x/rimbu@0.12.3/ordered/set-custom/index.ts": "9b1e4251125fe719be372e1bede10517a398f7d411306f6f48e13ac2494c7ade",
    "https://deno.land/x/rimbu@0.12.3/ordered/set-custom/interface/base.ts": "77e9d871f49155cab1bb1bd45bcdb6b50d659a633807c127df7b131e9bb29720",
    "https://deno.land/x/rimbu@0.12.3/ordered/set-custom/interface/creators.ts": "c1a39cbd1cf547870c64d008f42f2fee94f95050fec064948511503de76fc63a",
    "https://deno.land/x/rimbu@0.12.3/ordered/set/index.ts": "b156d304e3da3e6d234c9485f94e49a27f96adaaf2f99e01cfe7a4e83f023077",
    "https://deno.land/x/rimbu@0.12.3/ordered/set/interface/ordered-hash-set.ts": "9b14835404e7046cb0e25cc53482b12f308fef37f17d20a589db2aa602cda646",
    "https://deno.land/x/rimbu@0.12.3/ordered/set/interface/ordered-set.ts": "d6d522c53f4f63ebfd86fb632fbc63518ebad66c5472bca6cd644e42b75402e3",
    "https://deno.land/x/rimbu@0.12.3/ordered/set/interface/ordered-sorted-set.ts": "7fad60ab00881970091d89441283a5d15c9e6803f82640c75e512fdaee331647",
    "https://deno.land/x/rimbu@0.12.3/sorted/common/base.ts": "dea0ba961f1254446cb4dd000fe9fff3aa72e6076c22ef14a4ae65f42fddbcf6",
    "https://deno.land/x/rimbu@0.12.3/sorted/common/index.ts": "3d866b10033f80b9252ae4fdc99286808388a16eda84df91e4df974072a1367c",
    "https://deno.land/x/rimbu@0.12.3/sorted/common/sorted-index.ts": "c585660db90a83e863e7df2c350ce7ce21ddc8110e940801afd8f46fc8c7920d",
    "https://deno.land/x/rimbu@0.12.3/sorted/main/index.ts": "f9a9f415d8cc43ec939ff6b5c6ec56ff1b9a2c2911a772bc31b0dcc3232b76dd",
    "https://deno.land/x/rimbu@0.12.3/sorted/map-custom/creators.ts": "1722e2d85b58c0cfc9828aaa191794d515ba34ac1c7e06f614d39e2da204a377",
    "https://deno.land/x/rimbu@0.12.3/sorted/map-custom/implementation/builder.ts": "aaab411bcf6dbff39d55217027eebe9b8e3b99e8522859df9f8585b8b06114c1",
    "https://deno.land/x/rimbu@0.12.3/sorted/map-custom/implementation/context.ts": "55a3963907143539565d03ce8edc1cf123ec6b18105bf1e52be226b768947e52",
    "https://deno.land/x/rimbu@0.12.3/sorted/map-custom/implementation/immutable.ts": "f628b31cb9c662aa4aa336a41ed73fc2e22b019c6a75fe0f28c0f102233fe876",
    "https://deno.land/x/rimbu@0.12.3/sorted/map-custom/index.ts": "8dd2715354c0835177e9d2d756c4b17f9288c2ecab7ee09c12b9cb080da398fc",
    "https://deno.land/x/rimbu@0.12.3/sorted/map/index.ts": "d4cd672755b588f93728a225748350a55e3147fc9a74b07233ee6fa001447dab",
    "https://deno.land/x/rimbu@0.12.3/sorted/map/interface/index.ts": "109e109b241be44212b5367652fbba83e9b79ede830115c61da5e86ffab337b2",
    "https://deno.land/x/rimbu@0.12.3/sorted/mod.ts": "cb617a8c2ad18f0ac70d19b7fc95334e602025f7457b42b5f36aca7479687aba",
    "https://deno.land/x/rimbu@0.12.3/sorted/set-custom/creators.ts": "7f669565d23df309253acfd09cf970ba3e0054b98d75c5065fcc8b91ac1aaab4",
    "https://deno.land/x/rimbu@0.12.3/sorted/set-custom/implementation/builder.ts": "6bb17ffa447d74610bb0222254bf8cb36365aa74571e0860c0317c26e1a15989",
    "https://deno.land/x/rimbu@0.12.3/sorted/set-custom/implementation/context.ts": "4acb7600170e042eb6c2533d561aa3a040232f6ee06746a567989c5325142044",
    "https://deno.land/x/rimbu@0.12.3/sorted/set-custom/implementation/immutable.ts": "734d8b7326f2e3bd8eac9c8398c232957d4ad9f7333fdba6844097e1a78bf658",
    "https://deno.land/x/rimbu@0.12.3/sorted/set-custom/index.ts": "8dd2715354c0835177e9d2d756c4b17f9288c2ecab7ee09c12b9cb080da398fc",
    "https://deno.land/x/rimbu@0.12.3/sorted/set/index.ts": "3ad775b88a240c732d0033ca4583a75636cf47b0781c63561cf07a80affabb39",
    "https://deno.land/x/rimbu@0.12.3/sorted/set/interface/index.ts": "08dbf5da5046bbb7361aa5bc18a2591702a6f14720f917b9b1617e370bd99b1d",
    "https://deno.land/x/rimbu@0.12.3/stream/async-custom/async-fast-iterator-base.ts": "8007461b693e91639e31447ecfb2a0828093d5b091188497b129b1afd23de9fd",
    "https://deno.land/x/rimbu@0.12.3/stream/async-custom/async-stream-custom.ts": "88bcb333f1cb63ba0c0a10a56522a6353bb4c3fb9a9306797a293a0d401e16a7",
    "https://deno.land/x/rimbu@0.12.3/stream/async-custom/constructors.ts": "dc820d6a2e206576e240542838c2cb8013ce02b9642060681a74502f01730c8b",
    "https://deno.land/x/rimbu@0.12.3/stream/async-custom/index.ts": "69df862e7fb6857a1d74eeffae1ba342e439dc10e5b09361e32844e51aef56e4",
    "https://deno.land/x/rimbu@0.12.3/stream/async-custom/utils.ts": "5a003d538f625b29cf8bccefdaecf99c60f7bea4abeed3410226c565f10ce5d7",
    "https://deno.land/x/rimbu@0.12.3/stream/async/async-fast-iterable.ts": "a823ef280d64f98205fa2d7c694fa0c4a5abdb38b37f973a71d681c58df1fa51",
    "https://deno.land/x/rimbu@0.12.3/stream/async/async-fast-iterator.ts": "f4619205ce43a204cc67462cefb1db0afd266a594de6e82435ed78cd55918a98",
    "https://deno.land/x/rimbu@0.12.3/stream/async/async-stream-source.ts": "c605d3bb2815f07412429c0092af681620de205ca3c9dd9fdc2c3327a4417cbe",
    "https://deno.land/x/rimbu@0.12.3/stream/async/async-streamable.ts": "cbf9d32f5ffe617662599da6c06d4c8b500f6c191c1a67eaed796364c7de5ad4",
    "https://deno.land/x/rimbu@0.12.3/stream/async/async-transformer.ts": "b3b7a9ee2089c1a8e23a1f35136806600e77a1a4f64d8db46800d4625f930922",
    "https://deno.land/x/rimbu@0.12.3/stream/async/index.ts": "54f0718c9b2785e025f9ab277f1524a201846751f5e29f156d16ebf0492528a7",
    "https://deno.land/x/rimbu@0.12.3/stream/async/interface.ts": "7f0075fa1c4dbc4055a8c363b756a57495db4f59bcde18d18bad71319cc5d757",
    "https://deno.land/x/rimbu@0.12.3/stream/custom/constructors.ts": "fc065ae3c16e756e3743560b1c06128b726183843008ceb23c83af32312a814a",
    "https://deno.land/x/rimbu@0.12.3/stream/custom/fast-iterator-custom.ts": "ecd19b04dcf556cdd53fcd2756859cb1f4a24e1d3efa2782e69b805c8d37a256",
    "https://deno.land/x/rimbu@0.12.3/stream/custom/index.ts": "6f317eba53502da6199797a9e0e1539b86ecd12ee7eccd53bff853289f292940",
    "https://deno.land/x/rimbu@0.12.3/stream/custom/stream-custom.ts": "8273c804963fe6721e8fd2d85f8904718bcb10185620ccf4fad108cafaf492ef",
    "https://deno.land/x/rimbu@0.12.3/stream/main/fast-iterable.ts": "8fa0f917b342c5c82a46d5c45f8f1015b6597529fb6dc26f500db4e54ea83f08",
    "https://deno.land/x/rimbu@0.12.3/stream/main/fast-iterator.ts": "cf872324252cd752dd002f4726a67d2a5c15c8cb6ae98e6e0745c68be41492c8",
    "https://deno.land/x/rimbu@0.12.3/stream/main/index.ts": "75b5b34a88665e911f154cd7625061619e68d20847e1f8c27b3276b421ccab39",
    "https://deno.land/x/rimbu@0.12.3/stream/main/interface.ts": "8f6769a52def5db3457f6ff0bd04872e0a31e82cc5074d5f702ee447f5dc6705",
    "https://deno.land/x/rimbu@0.12.3/stream/main/stream-source.ts": "78339f89f6ad9245d80093bed1b10ceedd60ff16ba8043d339cc87b0124d937e",
    "https://deno.land/x/rimbu@0.12.3/stream/main/streamable.ts": "6d74e918e8df7640de7dc16cff4d30d73aa069d7b816ffab8d10f17c5006d06d",
    "https://deno.land/x/rimbu@0.12.3/stream/main/transformer.ts": "7e94e136004ee99a193bb7f54e18ce868c1298fbc612e541b8ef45139c84aa6c",
    "https://deno.land/x/rimbu@0.12.3/stream/mod.ts": "cb617a8c2ad18f0ac70d19b7fc95334e602025f7457b42b5f36aca7479687aba",
    "https://raw.githubusercontent.com/teaxyz/cli/v0.21/src/hooks/index.ts": "62656936491b067a025648a13b00a0909a26681e5e2312f30ffb9d5194fc146b",
    "https://raw.githubusercontent.com/teaxyz/cli/v0.21/src/hooks/useCache.ts": "773b275cf10a14bfacad90a53035feed2ea8fc83c268e486bca37cc164e0e76a",
    "https://raw.githubusercontent.com/teaxyz/cli/v0.21/src/hooks/useCellar.ts": "677ddcd5c49fe2814d603387fb19cffb8d7e9bf379ad52dd3bfecff6bb224b63",
    "https://raw.githubusercontent.com/teaxyz/cli/v0.21/src/hooks/useDownload.ts": "746a55fd436337b0312ce64b0e0a388dfdd0caf513805e81c589da37d95b8c21",
    "https://raw.githubusercontent.com/teaxyz/cli/v0.21/src/hooks/useExec.ts": "c4cea0ba99bf3bb839ff11cdc772b17060becf5edd082e302f54c171b0685bf1",
    "https://raw.githubusercontent.com/teaxyz/cli/v0.21/src/hooks/useFlags.ts": "1bf4c375c5e2081266c805128904a36d23176ed524d0333eb4b4df776372de6b",
    "https://raw.githubusercontent.com/teaxyz/cli/v0.21/src/hooks/useGitHubAPI.ts": "200c998048cdd4d37c7dd67fbdce34875ef98ccf48dae596a5587a6eafbf3371",
    "https://raw.githubusercontent.com/teaxyz/cli/v0.21/src/hooks/useInventory.ts": "334beae299ce8857952063cf2ab3c22af4d489bc20840082b25c6129b67f3ae5",
    "https://raw.githubusercontent.com/teaxyz/cli/v0.21/src/hooks/useLogger.ts": "bd6fe046006055abaa8a7bc27cc36077c0975c7e56e3742ea8a94ea73b21c587",
    "https://raw.githubusercontent.com/teaxyz/cli/v0.21/src/hooks/useMoustaches.ts": "b180ee16c4598fa53f1809da21a6bcedb8b281b2490ff7b380f9890d4a42387a",
    "https://raw.githubusercontent.com/teaxyz/cli/v0.21/src/hooks/useOffLicense.ts": "44ed60e7697de324ac1fe3b90e91add22758e075e5371080139b2741532a848c",
    "https://raw.githubusercontent.com/teaxyz/cli/v0.21/src/hooks/usePackageYAML.ts": "a320f41967c9960bb9ac73215dabb17b64220ac513b807f7cb3ae686ef2cab7b",
    "https://raw.githubusercontent.com/teaxyz/cli/v0.21/src/hooks/usePantry.ls.ts": "23cec0046414ce9271d8330541f0f2e7e23a6d376af432d5f404244a4c164b30",
    "https://raw.githubusercontent.com/teaxyz/cli/v0.21/src/hooks/usePantry.ts": "74e8aad11a54fa6f0dda934cc31a43c85b46750cf8b75a6b44608d8b11cb0fb1",
    "https://raw.githubusercontent.com/teaxyz/cli/v0.21/src/hooks/usePrefix.ts": "a4f962587ccb6126541acc9d959191192345ae4f6d6f881ca60de78d12141ef1",
    "https://raw.githubusercontent.com/teaxyz/cli/v0.21/src/hooks/useRequirementsFile.ts": "17597fb48e93aec6181bed370100c413d44f9756ce5a7dab2ecc6123a13c5c0c",
    "https://raw.githubusercontent.com/teaxyz/cli/v0.21/src/hooks/useShellEnv.ts": "f52d68d063b08867b0f60bda5607760f9f61914bcc7f4b18fafdf043de45af6f",
    "https://raw.githubusercontent.com/teaxyz/cli/v0.21/src/hooks/useSourceUnarchiver.ts": "1b84e6bd5bb3c7832c3b34afd9f7972fb751f35653964cd9d44cd962992a0b22",
    "https://raw.githubusercontent.com/teaxyz/cli/v0.21/src/hooks/useSync.ts": "4636a1a774fb8a3ba9b2b94316ea8d6dbb9881c32870f358749e7df32043b4c5",
    "https://raw.githubusercontent.com/teaxyz/cli/v0.21/src/hooks/useVersion.ts": "934ddce55428177fc7a13e7e3d302ea31931f58a9b128541510f9c9a52cbe73f",
    "https://raw.githubusercontent.com/teaxyz/cli/v0.21/src/hooks/useVirtualEnv.ts": "0fecbbb27f811b57757b793520728613d61b7b8494ee2415febcfc0b2fd0ae1e",
    "https://raw.githubusercontent.com/teaxyz/cli/v0.21/src/prefab/hydrate.ts": "f25c868ca1142db16138bba3b8a822b1b90fa8e2dad739f9ca78956fdfb151b0",
    "https://raw.githubusercontent.com/teaxyz/cli/v0.21/src/prefab/index.ts": "a53045250df1150986bd1a257422ca7fd8713983a449beaef3f18adac44fd7ac",
    "https://raw.githubusercontent.com/teaxyz/cli/v0.21/src/prefab/install.ts": "c44be18a26b60d57a2dbc33fc2e66295ab0496867a4af65e0dcc8f46549ec4e9",
    "https://raw.githubusercontent.com/teaxyz/cli/v0.21/src/prefab/link.ts": "828995343be8059b86a2c9d694d7d9ad9ae7634af2e43d8f6e79def2d5ff8179",
    "https://raw.githubusercontent.com/teaxyz/cli/v0.21/src/prefab/resolve.ts": "297e4e85f4208891968459de1eea95bbaf0ab6f77511aecb750b54084aba45fd",
    "https://raw.githubusercontent.com/teaxyz/cli/v0.21/src/types.ts": "f0e0bbce7ec8f3b8bb2a4171a5c6be4ef4c845f20edc9ae56c7cf8bb887a7b95",
    "https://raw.githubusercontent.com/teaxyz/cli/v0.21/src/utils/Unarchiver.ts": "285ee6e08edf77f50e6ad8ae2b5ca8499b778e75b39845f57463e07f91054442",
    "https://raw.githubusercontent.com/teaxyz/cli/v0.21/src/utils/error.ts": "1d83d9e9133e02c978fec9a21e3ba6d991aed76038965433ba9f033cd0f2a2cd",
    "https://raw.githubusercontent.com/teaxyz/cli/v0.21/src/utils/hacks.ts": "0de075aee9f8ae7b336d1a8f33ad977f2adeb41b37c960e2d96a9057bbb8a548",
    "https://raw.githubusercontent.com/teaxyz/cli/v0.21/src/utils/index.ts": "356a9f75715d2133a917d11f5c4cd36fbd0ebe5b9823188409e3a6aa6e6d70da",
    "https://raw.githubusercontent.com/teaxyz/cli/v0.21/src/utils/pkg.ts": "fee177945ab9813cb6a87a2e627bdab07954c3b57915004b4af25a280c99527c",
    "https://raw.githubusercontent.com/teaxyz/cli/v0.21/src/utils/safe-utils.ts": "44ea5aaf000fbb59787ba5db0eacc1bf3db415fd026723b5732ac92e5ea65a5f",
    "https://raw.githubusercontent.com/teaxyz/cli/v0.21/src/utils/semver.ts": "ade7f959028da734bf324525d540ed42e62345e6dd1b613714242931e5d6218e",
    "https://raw.githubusercontent.com/teaxyz/cli/v0.21/src/vendor/Path.ts": "391f223d046abedbd717b15d68d527b20ed71a8b5fe01052f32f7cf0b8045eb8"
  }
}